
Microsoft Visual Studio Solution File, Format Version 12.00
# Visual Studio Version 17
VisualStudioVersion = 17.1.32414.318
MinimumVisualStudioVersion = 10.0.40219.1
Project("{9A19103F-16F7-4668-BE54-9A1E7A4F7556}") = "CardStorageServices", "CardStorageServices\CardStorageServices.csproj", "{77044591-F604-4EAB-B0BB-ED59921370A3}"
EndProject
Project("{2150E333-8FDC-42A3-9474-1A3956D46DE8}") = "Solution Items", "Solution Items", "{7E0A2F7C-6552-4E9F-BDE7-17D61009FFF1}"
	ProjectSection(SolutionItems) = preProject
		Ef.readme.txt = Ef.readme.txt
	EndProjectSection
EndProject
Project("{9A19103F-16F7-4668-BE54-9A1E7A4F7556}") = "CardStorageServices.Data", "CardStorageServices.Data\CardStorageServices.Data.csproj", "{1D345F05-3C44-4DF4-8863-4C915E88A6A5}"
EndProject
Project("{9A19103F-16F7-4668-BE54-9A1E7A4F7556}") = "JwtSample", "JwtSample\JwtSample.csproj", "{C238FFA8-D96D-4086-A1DE-558FA975BC1F}"
EndProject
Project("{9A19103F-16F7-4668-BE54-9A1E7A4F7556}") = "PasswordUtilsClients", "PasswordUtilsClients\PasswordUtilsClients.csproj", "{5D4DD38A-4B41-4F84-B9BC-595E28325302}"
EndProject
Project("{FAE04EC0-301F-11D3-BF4B-00C04F79EFBC}") = "Patterns", "Patterns\Patterns.csproj", "{A3A4CA98-CD41-4CA5-8DC4-97303D7BD18C}"
EndProject
Global
	GlobalSection(SolutionConfigurationPlatforms) = preSolution
		Debug|Any CPU = Debug|Any CPU
		Release|Any CPU = Release|Any CPU
	EndGlobalSection
	GlobalSection(ProjectConfigurationPlatforms) = postSolution
		{77044591-F604-4EAB-B0BB-ED59921370A3}.Debug|Any CPU.ActiveCfg = Debug|Any CPU
		{77044591-F604-4EAB-B0BB-ED59921370A3}.Debug|Any CPU.Build.0 = Debug|Any CPU
		{77044591-F604-4EAB-B0BB-ED59921370A3}.Release|Any CPU.ActiveCfg = Release|Any CPU
		{77044591-F604-4EAB-B0BB-ED59921370A3}.Release|Any CPU.Build.0 = Release|Any CPU
		{1D345F05-3C44-4DF4-8863-4C915E88A6A5}.Debug|Any CPU.ActiveCfg = Debug|Any CPU
		{1D345F05-3C44-4DF4-8863-4C915E88A6A5}.Debug|Any CPU.Build.0 = Debug|Any CPU
		{1D345F05-3C44-4DF4-8863-4C915E88A6A5}.Release|Any CPU.ActiveCfg = Release|Any CPU
		{1D345F05-3C44-4DF4-8863-4C915E88A6A5}.Release|Any CPU.Build.0 = Release|Any CPU
		{C238FFA8-D96D-4086-A1DE-558FA975BC1F}.Debug|Any CPU.ActiveCfg = Debug|Any CPU
		{C238FFA8-D96D-4086-A1DE-558FA975BC1F}.Debug|Any CPU.Build.0 = Debug|Any CPU
		{C238FFA8-D96D-4086-A1DE-558FA975BC1F}.Release|Any CPU.ActiveCfg = Release|Any CPU
		{C238FFA8-D96D-4086-A1DE-558FA975BC1F}.Release|Any CPU.Build.0 = Release|Any CPU
		{5D4DD38A-4B41-4F84-B9BC-595E28325302}.Debug|Any CPU.ActiveCfg = Debug|Any CPU
		{5D4DD38A-4B41-4F84-B9BC-595E28325302}.Debug|Any CPU.Build.0 = Debug|Any CPU
		{5D4DD38A-4B41-4F84-B9BC-595E28325302}.Release|Any CPU.ActiveCfg = Release|Any CPU
		{5D4DD38A-4B41-4F84-B9BC-595E28325302}.Release|Any CPU.Build.0 = Release|Any CPU
		{A3A4CA98-CD41-4CA5-8DC4-97303D7BD18C}.Debug|Any CPU.ActiveCfg = Debug|Any CPU
		{A3A4CA98-CD41-4CA5-8DC4-97303D7BD18C}.Debug|Any CPU.Build.0 = Debug|Any CPU
		{A3A4CA98-CD41-4CA5-8DC4-97303D7BD18C}.Release|Any CPU.ActiveCfg = Release|Any CPU
		{A3A4CA98-CD41-4CA5-8DC4-97303D7BD18C}.Release|Any CPU.Build.0 = Release|Any CPU
	EndGlobalSection
	GlobalSection(SolutionProperties) = preSolution
		HideSolutionNode = FALSE
	EndGlobalSection
	GlobalSection(ExtensibilityGlobals) = postSolution
		SolutionGuid = {DF183811-F728-44A8-B79F-934EE87DD2AD}
	EndGlobalSection
EndGlobal
